
Microsoft Visual Studio Solution File, Format Version 12.00
# Visual Studio 15
VisualStudioVersion = 15.0.26430.16
MinimumVisualStudioVersion = 10.0.40219.1
Project("{FAE04EC0-301F-11D3-BF4B-00C04F79EFBC}") = "TP_lab4_2.4", "TP_lab4_2.4\TP_lab4_2.4.csproj", "{5939C1B6-E6B2-47B0-818A-DD78B43C67F8}"
EndProject
Project("{FAE04EC0-301F-11D3-BF4B-00C04F79EFBC}") = "UnitTestLab4", "UnitTestLab4\UnitTestLab4.csproj", "{48CFA060-FBDE-4C83-9C05-047594CA88FA}"
EndProject
Global
	GlobalSection(SolutionConfigurationPlatforms) = preSolution
		Debug|Any CPU = Debug|Any CPU
		Release|Any CPU = Release|Any CPU
	EndGlobalSection
	GlobalSection(ProjectConfigurationPlatforms) = postSolution
		{5939C1B6-E6B2-47B0-818A-DD78B43C67F8}.Debug|Any CPU.ActiveCfg = Debug|Any CPU
		{5939C1B6-E6B2-47B0-818A-DD78B43C67F8}.Debug|Any CPU.Build.0 = Debug|Any CPU
		{5939C1B6-E6B2-47B0-818A-DD78B43C67F8}.Release|Any CPU.ActiveCfg = Release|Any CPU
		{5939C1B6-E6B2-47B0-818A-DD78B43C67F8}.Release|Any CPU.Build.0 = Release|Any CPU
		{48CFA060-FBDE-4C83-9C05-047594CA88FA}.Debug|Any CPU.ActiveCfg = Debug|Any CPU
		{48CFA060-FBDE-4C83-9C05-047594CA88FA}.Debug|Any CPU.Build.0 = Debug|Any CPU
		{48CFA060-FBDE-4C83-9C05-047594CA88FA}.Release|Any CPU.ActiveCfg = Release|Any CPU
		{48CFA060-FBDE-4C83-9C05-047594CA88FA}.Release|Any CPU.Build.0 = Release|Any CPU
	EndGlobalSection
	GlobalSection(SolutionProperties) = preSolution
		HideSolutionNode = FALSE
	EndGlobalSection
EndGlobal
