
Microsoft Visual Studio Solution File, Format Version 12.00
# Visual Studio 14
VisualStudioVersion = 14.0.25420.1
MinimumVisualStudioVersion = 10.0.40219.1
Project("{FAE04EC0-301F-11D3-BF4B-00C04F79EFBC}") = "lab3", "lab3\lab3.csproj", "{DC11795F-FB29-4F59-B632-76F1738D5E24}"
EndProject
Project("{FAE04EC0-301F-11D3-BF4B-00C04F79EFBC}") = "ArrayClassLibrary", "ArrayClassLibrary\ArrayClassLibrary.csproj", "{828BDF41-0B91-4D33-91FF-AC7F102EBCC3}"
EndProject
Project("{FAE04EC0-301F-11D3-BF4B-00C04F79EFBC}") = "ArrayProcessUnitTest", "ArrayProcessUnitTest\ArrayProcessUnitTest.csproj", "{AC8C8BCB-8C7B-4219-904E-8A2E052C1194}"
EndProject
Global
	GlobalSection(SolutionConfigurationPlatforms) = preSolution
		Debug|Any CPU = Debug|Any CPU
		Release|Any CPU = Release|Any CPU
	EndGlobalSection
	GlobalSection(ProjectConfigurationPlatforms) = postSolution
		{DC11795F-FB29-4F59-B632-76F1738D5E24}.Debug|Any CPU.ActiveCfg = Debug|Any CPU
		{DC11795F-FB29-4F59-B632-76F1738D5E24}.Debug|Any CPU.Build.0 = Debug|Any CPU
		{DC11795F-FB29-4F59-B632-76F1738D5E24}.Release|Any CPU.ActiveCfg = Release|Any CPU
		{DC11795F-FB29-4F59-B632-76F1738D5E24}.Release|Any CPU.Build.0 = Release|Any CPU
		{828BDF41-0B91-4D33-91FF-AC7F102EBCC3}.Debug|Any CPU.ActiveCfg = Debug|Any CPU
		{828BDF41-0B91-4D33-91FF-AC7F102EBCC3}.Debug|Any CPU.Build.0 = Debug|Any CPU
		{828BDF41-0B91-4D33-91FF-AC7F102EBCC3}.Release|Any CPU.ActiveCfg = Release|Any CPU
		{828BDF41-0B91-4D33-91FF-AC7F102EBCC3}.Release|Any CPU.Build.0 = Release|Any CPU
		{AC8C8BCB-8C7B-4219-904E-8A2E052C1194}.Debug|Any CPU.ActiveCfg = Debug|Any CPU
		{AC8C8BCB-8C7B-4219-904E-8A2E052C1194}.Debug|Any CPU.Build.0 = Debug|Any CPU
		{AC8C8BCB-8C7B-4219-904E-8A2E052C1194}.Release|Any CPU.ActiveCfg = Release|Any CPU
		{AC8C8BCB-8C7B-4219-904E-8A2E052C1194}.Release|Any CPU.Build.0 = Release|Any CPU
	EndGlobalSection
	GlobalSection(SolutionProperties) = preSolution
		HideSolutionNode = FALSE
	EndGlobalSection
EndGlobal
