
Microsoft Visual Studio Solution File, Format Version 12.00
# Visual Studio 15
VisualStudioVersion = 15.0.26430.16
MinimumVisualStudioVersion = 10.0.40219.1
Project("{FAE04EC0-301F-11D3-BF4B-00C04F79EFBC}") = "TP2.4_Lab1", "TP2.4_Lab1\TP2.4_Lab1.csproj", "{922CEBED-3BC1-4479-90CD-ED41563EE04D}"
EndProject
Project("{FAE04EC0-301F-11D3-BF4B-00C04F79EFBC}") = "TestForLab1", "TestForLab1\TestForLab1.csproj", "{DFF54A90-1ECE-43A1-8B70-83E8A90712EA}"
EndProject
Project("{FAE04EC0-301F-11D3-BF4B-00C04F79EFBC}") = "ClassLibrary2", "ClassLibrary2\ClassLibrary2.csproj", "{D4161AE3-3BEC-4209-B835-89B115C2B576}"
EndProject
Global
	GlobalSection(SolutionConfigurationPlatforms) = preSolution
		Debug|Any CPU = Debug|Any CPU
		Release|Any CPU = Release|Any CPU
	EndGlobalSection
	GlobalSection(ProjectConfigurationPlatforms) = postSolution
		{922CEBED-3BC1-4479-90CD-ED41563EE04D}.Debug|Any CPU.ActiveCfg = Debug|Any CPU
		{922CEBED-3BC1-4479-90CD-ED41563EE04D}.Debug|Any CPU.Build.0 = Debug|Any CPU
		{922CEBED-3BC1-4479-90CD-ED41563EE04D}.Release|Any CPU.ActiveCfg = Release|Any CPU
		{922CEBED-3BC1-4479-90CD-ED41563EE04D}.Release|Any CPU.Build.0 = Release|Any CPU
		{DFF54A90-1ECE-43A1-8B70-83E8A90712EA}.Debug|Any CPU.ActiveCfg = Debug|Any CPU
		{DFF54A90-1ECE-43A1-8B70-83E8A90712EA}.Debug|Any CPU.Build.0 = Debug|Any CPU
		{DFF54A90-1ECE-43A1-8B70-83E8A90712EA}.Release|Any CPU.ActiveCfg = Release|Any CPU
		{DFF54A90-1ECE-43A1-8B70-83E8A90712EA}.Release|Any CPU.Build.0 = Release|Any CPU
		{D4161AE3-3BEC-4209-B835-89B115C2B576}.Debug|Any CPU.ActiveCfg = Debug|Any CPU
		{D4161AE3-3BEC-4209-B835-89B115C2B576}.Debug|Any CPU.Build.0 = Debug|Any CPU
		{D4161AE3-3BEC-4209-B835-89B115C2B576}.Release|Any CPU.ActiveCfg = Release|Any CPU
		{D4161AE3-3BEC-4209-B835-89B115C2B576}.Release|Any CPU.Build.0 = Release|Any CPU
	EndGlobalSection
	GlobalSection(SolutionProperties) = preSolution
		HideSolutionNode = FALSE
	EndGlobalSection
EndGlobal
